// !$*UTF8*$!
{
	archiveVersion = 1;
	classes = {
	};
	objectVersion = 56;
	objects = {

/* Begin PBXBuildFile section */
		6B025DBF2AFF6ED40001F889 /* Extensions.swift in Sources */ = {isa = PBXBuildFile; fileRef = 6B025DBE2AFF6ED40001F889 /* Extensions.swift */; };
		6B30CD912AFCB8900047AB00 /* CustomButton.swift in Sources */ = {isa = PBXBuildFile; fileRef = 6B30CD902AFCB8900047AB00 /* CustomButton.swift */; };
		6B3ECB822ABEC7060011C75D /* Category.swift in Sources */ = {isa = PBXBuildFile; fileRef = 6B3ECB812ABEC7060011C75D /* Category.swift */; };
		6B4532A52ADD3F3E0080A278 /* VocabCollectionViewCell.swift in Sources */ = {isa = PBXBuildFile; fileRef = 6B4532A42ADD3F3E0080A278 /* VocabCollectionViewCell.swift */; };
		6B66447C2ABC02410064D8DE /* Realm in Frameworks */ = {isa = PBXBuildFile; productRef = 6B66447B2ABC02410064D8DE /* Realm */; };
		6B66447E2ABC02410064D8DE /* RealmSwift in Frameworks */ = {isa = PBXBuildFile; productRef = 6B66447D2ABC02410064D8DE /* RealmSwift */; };
		6B6644802ABC028F0064D8DE /* Vocabulary.swift in Sources */ = {isa = PBXBuildFile; fileRef = 6B66447F2ABC028F0064D8DE /* Vocabulary.swift */; };
		6B904CCD2AAAB1F3002A8D37 /* VocabTableViewCell.swift in Sources */ = {isa = PBXBuildFile; fileRef = 6B904CCC2AAAB1F3002A8D37 /* VocabTableViewCell.swift */; };
		6BA4C6532B34195700DD549F /* AlertService.swift in Sources */ = {isa = PBXBuildFile; fileRef = 6BA4C6522B34195700DD549F /* AlertService.swift */; };
		6BA4C65A2B341C4300DD549F /* DatabaseManager.swift in Sources */ = {isa = PBXBuildFile; fileRef = 6BA4C6592B341C4300DD549F /* DatabaseManager.swift */; };
		6BB793DD2AD7EA600050DB8D /* VocabCollectionViewController.swift in Sources */ = {isa = PBXBuildFile; fileRef = 6BB793DC2AD7EA600050DB8D /* VocabCollectionViewController.swift */; };
		6BCFC99B2AA99CFF005F0E53 /* AppDelegate.swift in Sources */ = {isa = PBXBuildFile; fileRef = 6BCFC99A2AA99CFF005F0E53 /* AppDelegate.swift */; };
		6BCFC99F2AA99CFF005F0E53 /* VocabListViewController.swift in Sources */ = {isa = PBXBuildFile; fileRef = 6BCFC99E2AA99CFF005F0E53 /* VocabListViewController.swift */; };
		6BCFC9A42AA99D00005F0E53 /* Assets.xcassets in Resources */ = {isa = PBXBuildFile; fileRef = 6BCFC9A32AA99D00005F0E53 /* Assets.xcassets */; };
		6BCFC9A72AA99D00005F0E53 /* LaunchScreen.storyboard in Resources */ = {isa = PBXBuildFile; fileRef = 6BCFC9A52AA99D00005F0E53 /* LaunchScreen.storyboard */; };
		6BD6AE7C2AE665170009CB57 /* CustomLabel.swift in Sources */ = {isa = PBXBuildFile; fileRef = 6BD6AE7B2AE665170009CB57 /* CustomLabel.swift */; };
		6BD6AE7E2AE668200009CB57 /* CustomTextField.swift in Sources */ = {isa = PBXBuildFile; fileRef = 6BD6AE7D2AE668200009CB57 /* CustomTextField.swift */; };
		6BD6AE822AE8E7300009CB57 /* CategoryListViewController.swift in Sources */ = {isa = PBXBuildFile; fileRef = 6BD6AE812AE8E7300009CB57 /* CategoryListViewController.swift */; };
		6BD6AE842AE8E8230009CB57 /* CategoryTableViewCell.swift in Sources */ = {isa = PBXBuildFile; fileRef = 6BD6AE832AE8E8230009CB57 /* CategoryTableViewCell.swift */; };
		6BD6AE8A2AEF491B0009CB57 /* AddCategoryViewController.swift in Sources */ = {isa = PBXBuildFile; fileRef = 6BD6AE892AEF491B0009CB57 /* AddCategoryViewController.swift */; };
		6BEB5AAC2AB7DBC60013575B /* AddVocabViewController.swift in Sources */ = {isa = PBXBuildFile; fileRef = 6BEB5AAB2AB7DBC60013575B /* AddVocabViewController.swift */; };
/* End PBXBuildFile section */

/* Begin PBXFileReference section */
		6B025DBE2AFF6ED40001F889 /* Extensions.swift */ = {isa = PBXFileReference; lastKnownFileType = sourcecode.swift; path = Extensions.swift; sourceTree = "<group>"; };
		6B30CD902AFCB8900047AB00 /* CustomButton.swift */ = {isa = PBXFileReference; lastKnownFileType = sourcecode.swift; path = CustomButton.swift; sourceTree = "<group>"; };
		6B3ECB812ABEC7060011C75D /* Category.swift */ = {isa = PBXFileReference; lastKnownFileType = sourcecode.swift; path = Category.swift; sourceTree = "<group>"; };
		6B4532A42ADD3F3E0080A278 /* VocabCollectionViewCell.swift */ = {isa = PBXFileReference; lastKnownFileType = sourcecode.swift; path = VocabCollectionViewCell.swift; sourceTree = "<group>"; };
		6B66447F2ABC028F0064D8DE /* Vocabulary.swift */ = {isa = PBXFileReference; lastKnownFileType = sourcecode.swift; path = Vocabulary.swift; sourceTree = "<group>"; };
		6B904CCC2AAAB1F3002A8D37 /* VocabTableViewCell.swift */ = {isa = PBXFileReference; lastKnownFileType = sourcecode.swift; path = VocabTableViewCell.swift; sourceTree = "<group>"; };
		6BA4C6522B34195700DD549F /* AlertService.swift */ = {isa = PBXFileReference; lastKnownFileType = sourcecode.swift; path = AlertService.swift; sourceTree = "<group>"; };
		6BA4C6592B341C4300DD549F /* DatabaseManager.swift */ = {isa = PBXFileReference; lastKnownFileType = sourcecode.swift; path = DatabaseManager.swift; sourceTree = "<group>"; };
		6BB793DC2AD7EA600050DB8D /* VocabCollectionViewController.swift */ = {isa = PBXFileReference; lastKnownFileType = sourcecode.swift; path = VocabCollectionViewController.swift; sourceTree = "<group>"; };
		6BCFC9972AA99CFF005F0E53 /* VocabularyApp.app */ = {isa = PBXFileReference; explicitFileType = wrapper.application; includeInIndex = 0; path = VocabularyApp.app; sourceTree = BUILT_PRODUCTS_DIR; };
		6BCFC99A2AA99CFF005F0E53 /* AppDelegate.swift */ = {isa = PBXFileReference; lastKnownFileType = sourcecode.swift; path = AppDelegate.swift; sourceTree = "<group>"; };
		6BCFC99E2AA99CFF005F0E53 /* VocabListViewController.swift */ = {isa = PBXFileReference; lastKnownFileType = sourcecode.swift; path = VocabListViewController.swift; sourceTree = "<group>"; };
		6BCFC9A32AA99D00005F0E53 /* Assets.xcassets */ = {isa = PBXFileReference; lastKnownFileType = folder.assetcatalog; path = Assets.xcassets; sourceTree = "<group>"; };
		6BCFC9A62AA99D00005F0E53 /* Base */ = {isa = PBXFileReference; lastKnownFileType = file.storyboard; name = Base; path = Base.lproj/LaunchScreen.storyboard; sourceTree = "<group>"; };
		6BCFC9A82AA99D00005F0E53 /* Info.plist */ = {isa = PBXFileReference; lastKnownFileType = text.plist.xml; path = Info.plist; sourceTree = "<group>"; };
		6BD6AE7B2AE665170009CB57 /* CustomLabel.swift */ = {isa = PBXFileReference; lastKnownFileType = sourcecode.swift; path = CustomLabel.swift; sourceTree = "<group>"; };
		6BD6AE7D2AE668200009CB57 /* CustomTextField.swift */ = {isa = PBXFileReference; lastKnownFileType = sourcecode.swift; path = CustomTextField.swift; sourceTree = "<group>"; };
		6BD6AE812AE8E7300009CB57 /* CategoryListViewController.swift */ = {isa = PBXFileReference; lastKnownFileType = sourcecode.swift; path = CategoryListViewController.swift; sourceTree = "<group>"; };
		6BD6AE832AE8E8230009CB57 /* CategoryTableViewCell.swift */ = {isa = PBXFileReference; lastKnownFileType = sourcecode.swift; path = CategoryTableViewCell.swift; sourceTree = "<group>"; };
		6BD6AE892AEF491B0009CB57 /* AddCategoryViewController.swift */ = {isa = PBXFileReference; lastKnownFileType = sourcecode.swift; path = AddCategoryViewController.swift; sourceTree = "<group>"; };
		6BEB5AAB2AB7DBC60013575B /* AddVocabViewController.swift */ = {isa = PBXFileReference; lastKnownFileType = sourcecode.swift; path = AddVocabViewController.swift; sourceTree = "<group>"; };
/* End PBXFileReference section */

/* Begin PBXFrameworksBuildPhase section */
		6BCFC9942AA99CFF005F0E53 /* Frameworks */ = {
			isa = PBXFrameworksBuildPhase;
			buildActionMask = 2147483647;
			files = (
				6B66447E2ABC02410064D8DE /* RealmSwift in Frameworks */,
				6B66447C2ABC02410064D8DE /* Realm in Frameworks */,
			);
			runOnlyForDeploymentPostprocessing = 0;
		};
/* End PBXFrameworksBuildPhase section */

/* Begin PBXGroup section */
		6B3ECB832ABEC7140011C75D /* Models */ = {
			isa = PBXGroup;
			children = (
				6B3ECB812ABEC7060011C75D /* Category.swift */,
				6B66447F2ABC028F0064D8DE /* Vocabulary.swift */,
			);
			name = Models;
			sourceTree = "<group>";
		};
		6B3ECB8E2AC27DBB0011C75D /* Utils */ = {
			isa = PBXGroup;
			children = (
				6B025DBE2AFF6ED40001F889 /* Extensions.swift */,
			);
			name = Utils;
			sourceTree = "<group>";
		};
		6BA4C64F2B3418E000DD549F /* Controllers */ = {
			isa = PBXGroup;
			children = (
				6BA4C6562B341B2900DD549F /* Vocabulary */,
				6BA4C6572B341B3F00DD549F /* Category */,
			);
			name = Controllers;
			sourceTree = "<group>";
		};
		6BA4C6502B34192700DD549F /* ViewModels */ = {
			isa = PBXGroup;
			children = (
			);
			name = ViewModels;
			sourceTree = "<group>";
		};
		6BA4C6512B34193C00DD549F /* Services */ = {
			isa = PBXGroup;
			children = (
				6BA4C6522B34195700DD549F /* AlertService.swift */,
			);
			name = Services;
			sourceTree = "<group>";
		};
		6BA4C6542B341AD500DD549F /* Cells */ = {
			isa = PBXGroup;
			children = (
				6B904CCC2AAAB1F3002A8D37 /* VocabTableViewCell.swift */,
				6B4532A42ADD3F3E0080A278 /* VocabCollectionViewCell.swift */,
				6BD6AE832AE8E8230009CB57 /* CategoryTableViewCell.swift */,
			);
			name = Cells;
			sourceTree = "<group>";
		};
		6BA4C6552B341AE000DD549F /* CustomUI */ = {
			isa = PBXGroup;
			children = (
				6BD6AE7B2AE665170009CB57 /* CustomLabel.swift */,
				6BD6AE7D2AE668200009CB57 /* CustomTextField.swift */,
				6B30CD902AFCB8900047AB00 /* CustomButton.swift */,
			);
			name = CustomUI;
			sourceTree = "<group>";
		};
		6BA4C6562B341B2900DD549F /* Vocabulary */ = {
			isa = PBXGroup;
			children = (
				6BCFC99E2AA99CFF005F0E53 /* VocabListViewController.swift */,
				6BB793DC2AD7EA600050DB8D /* VocabCollectionViewController.swift */,
				6BEB5AAB2AB7DBC60013575B /* AddVocabViewController.swift */,
			);
			name = Vocabulary;
			sourceTree = "<group>";
		};
		6BA4C6572B341B3F00DD549F /* Category */ = {
			isa = PBXGroup;
			children = (
				6BD6AE812AE8E7300009CB57 /* CategoryListViewController.swift */,
				6BD6AE892AEF491B0009CB57 /* AddCategoryViewController.swift */,
			);
			name = Category;
			sourceTree = "<group>";
		};
		6BA4C6582B341C2400DD549F /* Managers */ = {
			isa = PBXGroup;
			children = (
				6BA4C6592B341C4300DD549F /* DatabaseManager.swift */,
			);
			name = Managers;
			sourceTree = "<group>";
		};
		6BCFC98E2AA99CFF005F0E53 = {
			isa = PBXGroup;
			children = (
				6BCFC9992AA99CFF005F0E53 /* VocabularyApp */,
				6BCFC9982AA99CFF005F0E53 /* Products */,
			);
			sourceTree = "<group>";
		};
		6BCFC9982AA99CFF005F0E53 /* Products */ = {
			isa = PBXGroup;
			children = (
				6BCFC9972AA99CFF005F0E53 /* VocabularyApp.app */,
			);
			name = Products;
			sourceTree = "<group>";
		};
		6BCFC9992AA99CFF005F0E53 /* VocabularyApp */ = {
			isa = PBXGroup;
			children = (
				6BCFC99A2AA99CFF005F0E53 /* AppDelegate.swift */,
				6BA4C6582B341C2400DD549F /* Managers */,
				6BA4C6512B34193C00DD549F /* Services */,
				6B3ECB832ABEC7140011C75D /* Models */,
				6BA4C64F2B3418E000DD549F /* Controllers */,
				6BD6AE7F2AE66B960009CB57 /* Views */,
				6BA4C6502B34192700DD549F /* ViewModels */,
				6B3ECB8E2AC27DBB0011C75D /* Utils */,
				6BCFC9AE2AA99DD1005F0E53 /* Files */,
			);
			path = VocabularyApp;
			sourceTree = "<group>";
		};
		6BCFC9AE2AA99DD1005F0E53 /* Files */ = {
			isa = PBXGroup;
			children = (
				6BCFC9A32AA99D00005F0E53 /* Assets.xcassets */,
				6BCFC9A52AA99D00005F0E53 /* LaunchScreen.storyboard */,
				6BCFC9A82AA99D00005F0E53 /* Info.plist */,
			);
			name = Files;
			sourceTree = "<group>";
		};
		6BD6AE7F2AE66B960009CB57 /* Views */ = {
			isa = PBXGroup;
			children = (
				6BA4C6552B341AE000DD549F /* CustomUI */,
				6BA4C6542B341AD500DD549F /* Cells */,
			);
			name = Views;
			sourceTree = "<group>";
		};
/* End PBXGroup section */

/* Begin PBXNativeTarget section */
		6BCFC9962AA99CFF005F0E53 /* VocabularyApp */ = {
			isa = PBXNativeTarget;
			buildConfigurationList = 6BCFC9AB2AA99D00005F0E53 /* Build configuration list for PBXNativeTarget "VocabularyApp" */;
			buildPhases = (
				6BCFC9932AA99CFF005F0E53 /* Sources */,
				6BCFC9942AA99CFF005F0E53 /* Frameworks */,
				6BCFC9952AA99CFF005F0E53 /* Resources */,
			);
			buildRules = (
			);
			dependencies = (
			);
			name = VocabularyApp;
			packageProductDependencies = (
				6B66447B2ABC02410064D8DE /* Realm */,
				6B66447D2ABC02410064D8DE /* RealmSwift */,
			);
			productName = VocabularyApp;
			productReference = 6BCFC9972AA99CFF005F0E53 /* VocabularyApp.app */;
			productType = "com.apple.product-type.application";
		};
/* End PBXNativeTarget section */

/* Begin PBXProject section */
		6BCFC98F2AA99CFF005F0E53 /* Project object */ = {
			isa = PBXProject;
			attributes = {
				BuildIndependentTargetsInParallel = 1;
				LastSwiftUpdateCheck = 1430;
				LastUpgradeCheck = 1500;
				TargetAttributes = {
					6BCFC9962AA99CFF005F0E53 = {
						CreatedOnToolsVersion = 14.3.1;
					};
				};
			};
			buildConfigurationList = 6BCFC9922AA99CFF005F0E53 /* Build configuration list for PBXProject "VocabularyApp" */;
			compatibilityVersion = "Xcode 14.0";
			developmentRegion = en;
			hasScannedForEncodings = 0;
			knownRegions = (
				en,
				Base,
			);
			mainGroup = 6BCFC98E2AA99CFF005F0E53;
			packageReferences = (
				6B66447A2ABC02410064D8DE /* XCRemoteSwiftPackageReference "realm-swift" */,
			);
			productRefGroup = 6BCFC9982AA99CFF005F0E53 /* Products */;
			projectDirPath = "";
			projectRoot = "";
			targets = (
				6BCFC9962AA99CFF005F0E53 /* VocabularyApp */,
			);
		};
/* End PBXProject section */

/* Begin PBXResourcesBuildPhase section */
		6BCFC9952AA99CFF005F0E53 /* Resources */ = {
			isa = PBXResourcesBuildPhase;
			buildActionMask = 2147483647;
			files = (
				6BCFC9A72AA99D00005F0E53 /* LaunchScreen.storyboard in Resources */,
				6BCFC9A42AA99D00005F0E53 /* Assets.xcassets in Resources */,
			);
			runOnlyForDeploymentPostprocessing = 0;
		};
/* End PBXResourcesBuildPhase section */

/* Begin PBXSourcesBuildPhase section */
		6BCFC9932AA99CFF005F0E53 /* Sources */ = {
			isa = PBXSourcesBuildPhase;
			buildActionMask = 2147483647;
			files = (
				6BCFC99F2AA99CFF005F0E53 /* VocabListViewController.swift in Sources */,
				6BB793DD2AD7EA600050DB8D /* VocabCollectionViewController.swift in Sources */,
				6B025DBF2AFF6ED40001F889 /* Extensions.swift in Sources */,
				6B6644802ABC028F0064D8DE /* Vocabulary.swift in Sources */,
				6BA4C65A2B341C4300DD549F /* DatabaseManager.swift in Sources */,
				6BCFC99B2AA99CFF005F0E53 /* AppDelegate.swift in Sources */,
				6BD6AE842AE8E8230009CB57 /* CategoryTableViewCell.swift in Sources */,
				6BA4C6532B34195700DD549F /* AlertService.swift in Sources */,
				6BD6AE7C2AE665170009CB57 /* CustomLabel.swift in Sources */,
				6BEB5AAC2AB7DBC60013575B /* AddVocabViewController.swift in Sources */,
				6B4532A52ADD3F3E0080A278 /* VocabCollectionViewCell.swift in Sources */,
				6BD6AE822AE8E7300009CB57 /* CategoryListViewController.swift in Sources */,
				6B904CCD2AAAB1F3002A8D37 /* VocabTableViewCell.swift in Sources */,
				6BD6AE7E2AE668200009CB57 /* CustomTextField.swift in Sources */,
				6BD6AE8A2AEF491B0009CB57 /* AddCategoryViewController.swift in Sources */,
				6B30CD912AFCB8900047AB00 /* CustomButton.swift in Sources */,
				6B3ECB822ABEC7060011C75D /* Category.swift in Sources */,
			);
			runOnlyForDeploymentPostprocessing = 0;
		};
/* End PBXSourcesBuildPhase section */

/* Begin PBXVariantGroup section */
		6BCFC9A52AA99D00005F0E53 /* LaunchScreen.storyboard */ = {
			isa = PBXVariantGroup;
			children = (
				6BCFC9A62AA99D00005F0E53 /* Base */,
			);
			name = LaunchScreen.storyboard;
			sourceTree = "<group>";
		};
/* End PBXVariantGroup section */

/* Begin XCBuildConfiguration section */
		6BCFC9A92AA99D00005F0E53 /* Debug */ = {
			isa = XCBuildConfiguration;
			buildSettings = {
				ALWAYS_SEARCH_USER_PATHS = NO;
				CLANG_ANALYZER_NONNULL = YES;
				CLANG_ANALYZER_NUMBER_OBJECT_CONVERSION = YES_AGGRESSIVE;
				CLANG_CXX_LANGUAGE_STANDARD = "gnu++20";
				CLANG_ENABLE_MODULES = YES;
				CLANG_ENABLE_OBJC_ARC = YES;
				CLANG_ENABLE_OBJC_WEAK = YES;
				CLANG_WARN_BLOCK_CAPTURE_AUTORELEASING = YES;
				CLANG_WARN_BOOL_CONVERSION = YES;
				CLANG_WARN_COMMA = YES;
				CLANG_WARN_CONSTANT_CONVERSION = YES;
				CLANG_WARN_DEPRECATED_OBJC_IMPLEMENTATIONS = YES;
				CLANG_WARN_DIRECT_OBJC_ISA_USAGE = YES_ERROR;
				CLANG_WARN_DOCUMENTATION_COMMENTS = YES;
				CLANG_WARN_EMPTY_BODY = YES;
				CLANG_WARN_ENUM_CONVERSION = YES;
				CLANG_WARN_INFINITE_RECURSION = YES;
				CLANG_WARN_INT_CONVERSION = YES;
				CLANG_WARN_NON_LITERAL_NULL_CONVERSION = YES;
				CLANG_WARN_OBJC_IMPLICIT_RETAIN_SELF = YES;
				CLANG_WARN_OBJC_LITERAL_CONVERSION = YES;
				CLANG_WARN_OBJC_ROOT_CLASS = YES_ERROR;
				CLANG_WARN_QUOTED_INCLUDE_IN_FRAMEWORK_HEADER = YES;
				CLANG_WARN_RANGE_LOOP_ANALYSIS = YES;
				CLANG_WARN_STRICT_PROTOTYPES = YES;
				CLANG_WARN_SUSPICIOUS_MOVE = YES;
				CLANG_WARN_UNGUARDED_AVAILABILITY = YES_AGGRESSIVE;
				CLANG_WARN_UNREACHABLE_CODE = YES;
				CLANG_WARN__DUPLICATE_METHOD_MATCH = YES;
				COPY_PHASE_STRIP = NO;
				DEBUG_INFORMATION_FORMAT = dwarf;
				ENABLE_STRICT_OBJC_MSGSEND = YES;
				ENABLE_TESTABILITY = YES;
				ENABLE_USER_SCRIPT_SANDBOXING = YES;
				GCC_C_LANGUAGE_STANDARD = gnu11;
				GCC_DYNAMIC_NO_PIC = NO;
				GCC_NO_COMMON_BLOCKS = YES;
				GCC_OPTIMIZATION_LEVEL = 0;
				GCC_PREPROCESSOR_DEFINITIONS = (
					"DEBUG=1",
					"$(inherited)",
				);
				GCC_WARN_64_TO_32_BIT_CONVERSION = YES;
				GCC_WARN_ABOUT_RETURN_TYPE = YES_ERROR;
				GCC_WARN_UNDECLARED_SELECTOR = YES;
				GCC_WARN_UNINITIALIZED_AUTOS = YES_AGGRESSIVE;
				GCC_WARN_UNUSED_FUNCTION = YES;
				GCC_WARN_UNUSED_VARIABLE = YES;
				IPHONEOS_DEPLOYMENT_TARGET = 16.0;
				MTL_ENABLE_DEBUG_INFO = INCLUDE_SOURCE;
				MTL_FAST_MATH = YES;
				ONLY_ACTIVE_ARCH = YES;
				SDKROOT = iphoneos;
				SWIFT_ACTIVE_COMPILATION_CONDITIONS = DEBUG;
				SWIFT_OPTIMIZATION_LEVEL = "-Onone";
			};
			name = Debug;
		};
		6BCFC9AA2AA99D00005F0E53 /* Release */ = {
			isa = XCBuildConfiguration;
			buildSettings = {
				ALWAYS_SEARCH_USER_PATHS = NO;
				CLANG_ANALYZER_NONNULL = YES;
				CLANG_ANALYZER_NUMBER_OBJECT_CONVERSION = YES_AGGRESSIVE;
				CLANG_CXX_LANGUAGE_STANDARD = "gnu++20";
				CLANG_ENABLE_MODULES = YES;
				CLANG_ENABLE_OBJC_ARC = YES;
				CLANG_ENABLE_OBJC_WEAK = YES;
				CLANG_WARN_BLOCK_CAPTURE_AUTORELEASING = YES;
				CLANG_WARN_BOOL_CONVERSION = YES;
				CLANG_WARN_COMMA = YES;
				CLANG_WARN_CONSTANT_CONVERSION = YES;
				CLANG_WARN_DEPRECATED_OBJC_IMPLEMENTATIONS = YES;
				CLANG_WARN_DIRECT_OBJC_ISA_USAGE = YES_ERROR;
				CLANG_WARN_DOCUMENTATION_COMMENTS = YES;
				CLANG_WARN_EMPTY_BODY = YES;
				CLANG_WARN_ENUM_CONVERSION = YES;
				CLANG_WARN_INFINITE_RECURSION = YES;
				CLANG_WARN_INT_CONVERSION = YES;
				CLANG_WARN_NON_LITERAL_NULL_CONVERSION = YES;
				CLANG_WARN_OBJC_IMPLICIT_RETAIN_SELF = YES;
				CLANG_WARN_OBJC_LITERAL_CONVERSION = YES;
				CLANG_WARN_OBJC_ROOT_CLASS = YES_ERROR;
				CLANG_WARN_QUOTED_INCLUDE_IN_FRAMEWORK_HEADER = YES;
				CLANG_WARN_RANGE_LOOP_ANALYSIS = YES;
				CLANG_WARN_STRICT_PROTOTYPES = YES;
				CLANG_WARN_SUSPICIOUS_MOVE = YES;
				CLANG_WARN_UNGUARDED_AVAILABILITY = YES_AGGRESSIVE;
				CLANG_WARN_UNREACHABLE_CODE = YES;
				CLANG_WARN__DUPLICATE_METHOD_MATCH = YES;
				COPY_PHASE_STRIP = NO;
				DEBUG_INFORMATION_FORMAT = "dwarf-with-dsym";
				ENABLE_NS_ASSERTIONS = NO;
				ENABLE_STRICT_OBJC_MSGSEND = YES;
				ENABLE_USER_SCRIPT_SANDBOXING = YES;
				GCC_C_LANGUAGE_STANDARD = gnu11;
				GCC_NO_COMMON_BLOCKS = YES;
				GCC_WARN_64_TO_32_BIT_CONVERSION = YES;
				GCC_WARN_ABOUT_RETURN_TYPE = YES_ERROR;
				GCC_WARN_UNDECLARED_SELECTOR = YES;
				GCC_WARN_UNINITIALIZED_AUTOS = YES_AGGRESSIVE;
				GCC_WARN_UNUSED_FUNCTION = YES;
				GCC_WARN_UNUSED_VARIABLE = YES;
				IPHONEOS_DEPLOYMENT_TARGET = 16.0;
				MTL_ENABLE_DEBUG_INFO = NO;
				MTL_FAST_MATH = YES;
				SDKROOT = iphoneos;
				SWIFT_COMPILATION_MODE = wholemodule;
				SWIFT_OPTIMIZATION_LEVEL = "-O";
				VALIDATE_PRODUCT = YES;
			};
			name = Release;
		};
		6BCFC9AC2AA99D00005F0E53 /* Debug */ = {
			isa = XCBuildConfiguration;
			buildSettings = {
				ASSETCATALOG_COMPILER_APPICON_NAME = AppIcon;
				ASSETCATALOG_COMPILER_GLOBAL_ACCENT_COLOR_NAME = AccentColor;
				CODE_SIGN_STYLE = Automatic;
				CURRENT_PROJECT_VERSION = 1;
				DEVELOPMENT_TEAM = SC4MAU3K32;
				GENERATE_INFOPLIST_FILE = YES;
				INFOPLIST_FILE = VocabularyApp/Info.plist;
				INFOPLIST_KEY_UIApplicationSupportsIndirectInputEvents = YES;
				INFOPLIST_KEY_UILaunchStoryboardName = LaunchScreen;
				INFOPLIST_KEY_UISupportedInterfaceOrientations_iPad = "UIInterfaceOrientationPortrait UIInterfaceOrientationPortraitUpsideDown UIInterfaceOrientationLandscapeLeft UIInterfaceOrientationLandscapeRight";
				INFOPLIST_KEY_UISupportedInterfaceOrientations_iPhone = "UIInterfaceOrientationPortrait UIInterfaceOrientationLandscapeLeft UIInterfaceOrientationLandscapeRight";
				IPHONEOS_DEPLOYMENT_TARGET = 15.0;
				LD_RUNPATH_SEARCH_PATHS = (
					"$(inherited)",
					"@executable_path/Frameworks",
				);
				MARKETING_VERSION = 1.0;
				PRODUCT_BUNDLE_IDENTIFIER = com.jhyun.VocabularyApp;
				PRODUCT_NAME = "$(TARGET_NAME)";
				SWIFT_EMIT_LOC_STRINGS = YES;
				SWIFT_VERSION = 5.0;
				TARGETED_DEVICE_FAMILY = "1,2";
			};
			name = Debug;
		};
		6BCFC9AD2AA99D00005F0E53 /* Release */ = {
			isa = XCBuildConfiguration;
			buildSettings = {
				ASSETCATALOG_COMPILER_APPICON_NAME = AppIcon;
				ASSETCATALOG_COMPILER_GLOBAL_ACCENT_COLOR_NAME = AccentColor;
				CODE_SIGN_STYLE = Automatic;
				CURRENT_PROJECT_VERSION = 1;
				DEVELOPMENT_TEAM = SC4MAU3K32;
				GENERATE_INFOPLIST_FILE = YES;
				INFOPLIST_FILE = VocabularyApp/Info.plist;
				INFOPLIST_KEY_UIApplicationSupportsIndirectInputEvents = YES;
				INFOPLIST_KEY_UILaunchStoryboardName = LaunchScreen;
				INFOPLIST_KEY_UISupportedInterfaceOrientations_iPad = "UIInterfaceOrientationPortrait UIInterfaceOrientationPortraitUpsideDown UIInterfaceOrientationLandscapeLeft UIInterfaceOrientationLandscapeRight";
				INFOPLIST_KEY_UISupportedInterfaceOrientations_iPhone = "UIInterfaceOrientationPortrait UIInterfaceOrientationLandscapeLeft UIInterfaceOrientationLandscapeRight";
				IPHONEOS_DEPLOYMENT_TARGET = 15.0;
				LD_RUNPATH_SEARCH_PATHS = (
					"$(inherited)",
					"@executable_path/Frameworks",
				);
				MARKETING_VERSION = 1.0;
				PRODUCT_BUNDLE_IDENTIFIER = com.jhyun.VocabularyApp;
				PRODUCT_NAME = "$(TARGET_NAME)";
				SWIFT_EMIT_LOC_STRINGS = YES;
				SWIFT_VERSION = 5.0;
				TARGETED_DEVICE_FAMILY = "1,2";
			};
			name = Release;
		};
/* End XCBuildConfiguration section */

/* Begin XCConfigurationList section */
		6BCFC9922AA99CFF005F0E53 /* Build configuration list for PBXProject "VocabularyApp" */ = {
			isa = XCConfigurationList;
			buildConfigurations = (
				6BCFC9A92AA99D00005F0E53 /* Debug */,
				6BCFC9AA2AA99D00005F0E53 /* Release */,
			);
			defaultConfigurationIsVisible = 0;
			defaultConfigurationName = Release;
		};
		6BCFC9AB2AA99D00005F0E53 /* Build configuration list for PBXNativeTarget "VocabularyApp" */ = {
			isa = XCConfigurationList;
			buildConfigurations = (
				6BCFC9AC2AA99D00005F0E53 /* Debug */,
				6BCFC9AD2AA99D00005F0E53 /* Release */,
			);
			defaultConfigurationIsVisible = 0;
			defaultConfigurationName = Release;
		};
/* End XCConfigurationList section */

/* Begin XCRemoteSwiftPackageReference section */
		6B66447A2ABC02410064D8DE /* XCRemoteSwiftPackageReference "realm-swift" */ = {
			isa = XCRemoteSwiftPackageReference;
			repositoryURL = "https://github.com/realm/realm-swift.git";
			requirement = {
				kind = upToNextMajorVersion;
				minimumVersion = 10.42.3;
			};
		};
/* End XCRemoteSwiftPackageReference section */

/* Begin XCSwiftPackageProductDependency section */
		6B66447B2ABC02410064D8DE /* Realm */ = {
			isa = XCSwiftPackageProductDependency;
			package = 6B66447A2ABC02410064D8DE /* XCRemoteSwiftPackageReference "realm-swift" */;
			productName = Realm;
		};
		6B66447D2ABC02410064D8DE /* RealmSwift */ = {
			isa = XCSwiftPackageProductDependency;
			package = 6B66447A2ABC02410064D8DE /* XCRemoteSwiftPackageReference "realm-swift" */;
			productName = RealmSwift;
		};
/* End XCSwiftPackageProductDependency section */
	};
	rootObject = 6BCFC98F2AA99CFF005F0E53 /* Project object */;
}
